// !$*UTF8*$!
{
	archiveVersion = 1;
	classes = {
	};
	objectVersion = 51;
	objects = {

/* Begin PBXBuildFile section */
		06731A772424807200E65D92 /* AppDelegate.swift in Sources */ = {isa = PBXBuildFile; fileRef = 06731A762424807200E65D92 /* AppDelegate.swift */; };
		06731A792424807200E65D92 /* ViewController.swift in Sources */ = {isa = PBXBuildFile; fileRef = 06731A782424807200E65D92 /* ViewController.swift */; };
		06731A7C2424807200E65D92 /* Main.storyboard in Resources */ = {isa = PBXBuildFile; fileRef = 06731A7A2424807200E65D92 /* Main.storyboard */; };
		06731A7E2424807400E65D92 /* Assets.xcassets in Resources */ = {isa = PBXBuildFile; fileRef = 06731A7D2424807400E65D92 /* Assets.xcassets */; };
		06731A812424807400E65D92 /* LaunchScreen.storyboard in Resources */ = {isa = PBXBuildFile; fileRef = 06731A7F2424807400E65D92 /* LaunchScreen.storyboard */; };
		06731A8C2424807400E65D92 /* ParstagramTests.swift in Sources */ = {isa = PBXBuildFile; fileRef = 06731A8B2424807400E65D92 /* ParstagramTests.swift */; };
		06731A972424807400E65D92 /* ParstagramUITests.swift in Sources */ = {isa = PBXBuildFile; fileRef = 06731A962424807400E65D92 /* ParstagramUITests.swift */; };
		06DE25802424885700580B72 /* CameraViewController.swift in Sources */ = {isa = PBXBuildFile; fileRef = 06DE257F2424885700580B72 /* CameraViewController.swift */; };
		06DE2582242488BD00580B72 /* FeedViewController.swift in Sources */ = {isa = PBXBuildFile; fileRef = 06DE2581242488BD00580B72 /* FeedViewController.swift */; };
		06DE2584242489C500580B72 /* LoginViewController.swift in Sources */ = {isa = PBXBuildFile; fileRef = 06DE2583242489C500580B72 /* LoginViewController.swift */; };
		06DE258624248A3A00580B72 /* PostCell.swift in Sources */ = {isa = PBXBuildFile; fileRef = 06DE258524248A3A00580B72 /* PostCell.swift */; };
		06DE258A242D95C300580B72 /* CommentCell.swift in Sources */ = {isa = PBXBuildFile; fileRef = 06DE2589242D95C300580B72 /* CommentCell.swift */; };
		29D2FC079F0A3EEC905DBC04 /* Pods_Parstagram_ParstagramUITests.framework in Frameworks */ = {isa = PBXBuildFile; fileRef = 8AF4A055C8B5CC84572AD9EE /* Pods_Parstagram_ParstagramUITests.framework */; };
		50B08B402A6FFC89366B76A9 /* Pods_Parstagram.framework in Frameworks */ = {isa = PBXBuildFile; fileRef = 7D1306CACBDE41E74B8B6277 /* Pods_Parstagram.framework */; };
		72AEB2E85CD6B547916C957D /* Pods_ParstagramTests.framework in Frameworks */ = {isa = PBXBuildFile; fileRef = 3CAF9A367952F851FE4BD4F4 /* Pods_ParstagramTests.framework */; };
/* End PBXBuildFile section */

/* Begin PBXContainerItemProxy section */
		06731A882424807400E65D92 /* PBXContainerItemProxy */ = {
			isa = PBXContainerItemProxy;
			containerPortal = 06731A6B2424807200E65D92 /* Project object */;
			proxyType = 1;
			remoteGlobalIDString = 06731A722424807200E65D92;
			remoteInfo = Parstagram;
		};
		06731A932424807400E65D92 /* PBXContainerItemProxy */ = {
			isa = PBXContainerItemProxy;
			containerPortal = 06731A6B2424807200E65D92 /* Project object */;
			proxyType = 1;
			remoteGlobalIDString = 06731A722424807200E65D92;
			remoteInfo = Parstagram;
		};
/* End PBXContainerItemProxy section */

/* Begin PBXFileReference section */
		06731A732424807200E65D92 /* Parstagram.app */ = {isa = PBXFileReference; explicitFileType = wrapper.application; includeInIndex = 0; path = Parstagram.app; sourceTree = BUILT_PRODUCTS_DIR; };
		06731A762424807200E65D92 /* AppDelegate.swift */ = {isa = PBXFileReference; lastKnownFileType = sourcecode.swift; path = AppDelegate.swift; sourceTree = "<group>"; };
		06731A782424807200E65D92 /* ViewController.swift */ = {isa = PBXFileReference; lastKnownFileType = sourcecode.swift; path = ViewController.swift; sourceTree = "<group>"; };
		06731A7B2424807200E65D92 /* Base */ = {isa = PBXFileReference; lastKnownFileType = file.storyboard; name = Base; path = Base.lproj/Main.storyboard; sourceTree = "<group>"; };
		06731A7D2424807400E65D92 /* Assets.xcassets */ = {isa = PBXFileReference; lastKnownFileType = folder.assetcatalog; path = Assets.xcassets; sourceTree = "<group>"; };
		06731A802424807400E65D92 /* Base */ = {isa = PBXFileReference; lastKnownFileType = file.storyboard; name = Base; path = Base.lproj/LaunchScreen.storyboard; sourceTree = "<group>"; };
		06731A822424807400E65D92 /* Info.plist */ = {isa = PBXFileReference; lastKnownFileType = text.plist.xml; path = Info.plist; sourceTree = "<group>"; };
		06731A872424807400E65D92 /* ParstagramTests.xctest */ = {isa = PBXFileReference; explicitFileType = wrapper.cfbundle; includeInIndex = 0; path = ParstagramTests.xctest; sourceTree = BUILT_PRODUCTS_DIR; };
		06731A8B2424807400E65D92 /* ParstagramTests.swift */ = {isa = PBXFileReference; lastKnownFileType = sourcecode.swift; path = ParstagramTests.swift; sourceTree = "<group>"; };
		06731A8D2424807400E65D92 /* Info.plist */ = {isa = PBXFileReference; lastKnownFileType = text.plist.xml; path = Info.plist; sourceTree = "<group>"; };
		06731A922424807400E65D92 /* ParstagramUITests.xctest */ = {isa = PBXFileReference; explicitFileType = wrapper.cfbundle; includeInIndex = 0; path = ParstagramUITests.xctest; sourceTree = BUILT_PRODUCTS_DIR; };
		06731A962424807400E65D92 /* ParstagramUITests.swift */ = {isa = PBXFileReference; lastKnownFileType = sourcecode.swift; path = ParstagramUITests.swift; sourceTree = "<group>"; };
		06731A982424807400E65D92 /* Info.plist */ = {isa = PBXFileReference; lastKnownFileType = text.plist.xml; path = Info.plist; sourceTree = "<group>"; };
		06DE257F2424885700580B72 /* CameraViewController.swift */ = {isa = PBXFileReference; lastKnownFileType = sourcecode.swift; path = CameraViewController.swift; sourceTree = "<group>"; };
		06DE2581242488BD00580B72 /* FeedViewController.swift */ = {isa = PBXFileReference; lastKnownFileType = sourcecode.swift; path = FeedViewController.swift; sourceTree = "<group>"; };
		06DE2583242489C500580B72 /* LoginViewController.swift */ = {isa = PBXFileReference; lastKnownFileType = sourcecode.swift; path = LoginViewController.swift; sourceTree = "<group>"; };
		06DE258524248A3A00580B72 /* PostCell.swift */ = {isa = PBXFileReference; lastKnownFileType = sourcecode.swift; path = PostCell.swift; sourceTree = "<group>"; };
		06DE2589242D95C300580B72 /* CommentCell.swift */ = {isa = PBXFileReference; lastKnownFileType = sourcecode.swift; path = CommentCell.swift; sourceTree = "<group>"; };
		167B2F9C78D48D4D279731AA /* Pods-Parstagram-ParstagramUITests.release.xcconfig */ = {isa = PBXFileReference; includeInIndex = 1; lastKnownFileType = text.xcconfig; name = "Pods-Parstagram-ParstagramUITests.release.xcconfig"; path = "Target Support Files/Pods-Parstagram-ParstagramUITests/Pods-Parstagram-ParstagramUITests.release.xcconfig"; sourceTree = "<group>"; };
		3CAF9A367952F851FE4BD4F4 /* Pods_ParstagramTests.framework */ = {isa = PBXFileReference; explicitFileType = wrapper.framework; includeInIndex = 0; path = Pods_ParstagramTests.framework; sourceTree = BUILT_PRODUCTS_DIR; };
		400E3E1E280082780F52D683 /* Pods-Parstagram.release.xcconfig */ = {isa = PBXFileReference; includeInIndex = 1; lastKnownFileType = text.xcconfig; name = "Pods-Parstagram.release.xcconfig"; path = "Target Support Files/Pods-Parstagram/Pods-Parstagram.release.xcconfig"; sourceTree = "<group>"; };
		60B70AEE19EA887BCAC770CF /* Pods-Parstagram-ParstagramUITests.debug.xcconfig */ = {isa = PBXFileReference; includeInIndex = 1; lastKnownFileType = text.xcconfig; name = "Pods-Parstagram-ParstagramUITests.debug.xcconfig"; path = "Target Support Files/Pods-Parstagram-ParstagramUITests/Pods-Parstagram-ParstagramUITests.debug.xcconfig"; sourceTree = "<group>"; };
		7D1306CACBDE41E74B8B6277 /* Pods_Parstagram.framework */ = {isa = PBXFileReference; explicitFileType = wrapper.framework; includeInIndex = 0; path = Pods_Parstagram.framework; sourceTree = BUILT_PRODUCTS_DIR; };
		8AF4A055C8B5CC84572AD9EE /* Pods_Parstagram_ParstagramUITests.framework */ = {isa = PBXFileReference; explicitFileType = wrapper.framework; includeInIndex = 0; path = Pods_Parstagram_ParstagramUITests.framework; sourceTree = BUILT_PRODUCTS_DIR; };
		9B16399633632FAFAD6D230E /* Pods-Parstagram.debug.xcconfig */ = {isa = PBXFileReference; includeInIndex = 1; lastKnownFileType = text.xcconfig; name = "Pods-Parstagram.debug.xcconfig"; path = "Target Support Files/Pods-Parstagram/Pods-Parstagram.debug.xcconfig"; sourceTree = "<group>"; };
		9D9F4E22EAD7075410412D5A /* Pods-ParstagramTests.debug.xcconfig */ = {isa = PBXFileReference; includeInIndex = 1; lastKnownFileType = text.xcconfig; name = "Pods-ParstagramTests.debug.xcconfig"; path = "Target Support Files/Pods-ParstagramTests/Pods-ParstagramTests.debug.xcconfig"; sourceTree = "<group>"; };
		AE516CB2267D384E4760699F /* Pods-ParstagramTests.release.xcconfig */ = {isa = PBXFileReference; includeInIndex = 1; lastKnownFileType = text.xcconfig; name = "Pods-ParstagramTests.release.xcconfig"; path = "Target Support Files/Pods-ParstagramTests/Pods-ParstagramTests.release.xcconfig"; sourceTree = "<group>"; };
/* End PBXFileReference section */

/* Begin PBXFrameworksBuildPhase section */
		06731A702424807200E65D92 /* Frameworks */ = {
			isa = PBXFrameworksBuildPhase;
			buildActionMask = 2147483647;
			files = (
				50B08B402A6FFC89366B76A9 /* Pods_Parstagram.framework in Frameworks */,
			);
			runOnlyForDeploymentPostprocessing = 0;
		};
		06731A842424807400E65D92 /* Frameworks */ = {
			isa = PBXFrameworksBuildPhase;
			buildActionMask = 2147483647;
			files = (
				72AEB2E85CD6B547916C957D /* Pods_ParstagramTests.framework in Frameworks */,
			);
			runOnlyForDeploymentPostprocessing = 0;
		};
		06731A8F2424807400E65D92 /* Frameworks */ = {
			isa = PBXFrameworksBuildPhase;
			buildActionMask = 2147483647;
			files = (
				29D2FC079F0A3EEC905DBC04 /* Pods_Parstagram_ParstagramUITests.framework in Frameworks */,
			);
			runOnlyForDeploymentPostprocessing = 0;
		};
/* End PBXFrameworksBuildPhase section */

/* Begin PBXGroup section */
		06731A6A2424807200E65D92 = {
			isa = PBXGroup;
			children = (
				06731A752424807200E65D92 /* Parstagram */,
				06731A8A2424807400E65D92 /* ParstagramTests */,
				06731A952424807400E65D92 /* ParstagramUITests */,
				06731A742424807200E65D92 /* Products */,
				694FEE97242C5456665A93F2 /* Pods */,
				7FB0BC84BD9D794B953C9EF1 /* Frameworks */,
			);
			sourceTree = "<group>";
		};
		06731A742424807200E65D92 /* Products */ = {
			isa = PBXGroup;
			children = (
				06731A732424807200E65D92 /* Parstagram.app */,
				06731A872424807400E65D92 /* ParstagramTests.xctest */,
				06731A922424807400E65D92 /* ParstagramUITests.xctest */,
			);
			name = Products;
			sourceTree = "<group>";
		};
		06731A752424807200E65D92 /* Parstagram */ = {
			isa = PBXGroup;
			children = (
				06731A762424807200E65D92 /* AppDelegate.swift */,
				06731A782424807200E65D92 /* ViewController.swift */,
				06731A7A2424807200E65D92 /* Main.storyboard */,
				06731A7D2424807400E65D92 /* Assets.xcassets */,
				06731A7F2424807400E65D92 /* LaunchScreen.storyboard */,
				06731A822424807400E65D92 /* Info.plist */,
				06DE257F2424885700580B72 /* CameraViewController.swift */,
				06DE2581242488BD00580B72 /* FeedViewController.swift */,
				06DE2583242489C500580B72 /* LoginViewController.swift */,
				06DE258524248A3A00580B72 /* PostCell.swift */,
				06DE2589242D95C300580B72 /* CommentCell.swift */,
			);
			path = Parstagram;
			sourceTree = "<group>";
		};
		06731A8A2424807400E65D92 /* ParstagramTests */ = {
			isa = PBXGroup;
			children = (
				06731A8B2424807400E65D92 /* ParstagramTests.swift */,
				06731A8D2424807400E65D92 /* Info.plist */,
			);
			path = ParstagramTests;
			sourceTree = "<group>";
		};
		06731A952424807400E65D92 /* ParstagramUITests */ = {
			isa = PBXGroup;
			children = (
				06731A962424807400E65D92 /* ParstagramUITests.swift */,
				06731A982424807400E65D92 /* Info.plist */,
			);
			path = ParstagramUITests;
			sourceTree = "<group>";
		};
		694FEE97242C5456665A93F2 /* Pods */ = {
			isa = PBXGroup;
			children = (
				9B16399633632FAFAD6D230E /* Pods-Parstagram.debug.xcconfig */,
				400E3E1E280082780F52D683 /* Pods-Parstagram.release.xcconfig */,
				60B70AEE19EA887BCAC770CF /* Pods-Parstagram-ParstagramUITests.debug.xcconfig */,
				167B2F9C78D48D4D279731AA /* Pods-Parstagram-ParstagramUITests.release.xcconfig */,
				9D9F4E22EAD7075410412D5A /* Pods-ParstagramTests.debug.xcconfig */,
				AE516CB2267D384E4760699F /* Pods-ParstagramTests.release.xcconfig */,
			);
			path = Pods;
			sourceTree = "<group>";
		};
		7FB0BC84BD9D794B953C9EF1 /* Frameworks */ = {
			isa = PBXGroup;
			children = (
				7D1306CACBDE41E74B8B6277 /* Pods_Parstagram.framework */,
				8AF4A055C8B5CC84572AD9EE /* Pods_Parstagram_ParstagramUITests.framework */,
				3CAF9A367952F851FE4BD4F4 /* Pods_ParstagramTests.framework */,
			);
			name = Frameworks;
			sourceTree = "<group>";
		};
/* End PBXGroup section */

/* Begin PBXNativeTarget section */
		06731A722424807200E65D92 /* Parstagram */ = {
			isa = PBXNativeTarget;
			buildConfigurationList = 06731A9B2424807400E65D92 /* Build configuration list for PBXNativeTarget "Parstagram" */;
			buildPhases = (
				C72C4D001071CC813DD03F07 /* [CP] Check Pods Manifest.lock */,
				06731A6F2424807200E65D92 /* Sources */,
				06731A702424807200E65D92 /* Frameworks */,
				06731A712424807200E65D92 /* Resources */,
				5A317D735E7854288B48836F /* [CP] Embed Pods Frameworks */,
			);
			buildRules = (
			);
			dependencies = (
			);
			name = Parstagram;
			productName = Parstagram;
			productReference = 06731A732424807200E65D92 /* Parstagram.app */;
			productType = "com.apple.product-type.application";
		};
		06731A862424807400E65D92 /* ParstagramTests */ = {
			isa = PBXNativeTarget;
			buildConfigurationList = 06731A9E2424807400E65D92 /* Build configuration list for PBXNativeTarget "ParstagramTests" */;
			buildPhases = (
				50F47D90875862BB73CABA26 /* [CP] Check Pods Manifest.lock */,
				06731A832424807400E65D92 /* Sources */,
				06731A842424807400E65D92 /* Frameworks */,
				06731A852424807400E65D92 /* Resources */,
			);
			buildRules = (
			);
			dependencies = (
				06731A892424807400E65D92 /* PBXTargetDependency */,
			);
			name = ParstagramTests;
			productName = ParstagramTests;
			productReference = 06731A872424807400E65D92 /* ParstagramTests.xctest */;
			productType = "com.apple.product-type.bundle.unit-test";
		};
		06731A912424807400E65D92 /* ParstagramUITests */ = {
			isa = PBXNativeTarget;
			buildConfigurationList = 06731AA12424807400E65D92 /* Build configuration list for PBXNativeTarget "ParstagramUITests" */;
			buildPhases = (
				158B6FAD799FE31397355C31 /* [CP] Check Pods Manifest.lock */,
				06731A8E2424807400E65D92 /* Sources */,
				06731A8F2424807400E65D92 /* Frameworks */,
				06731A902424807400E65D92 /* Resources */,
				A21DD8F0A226CAC86292DD43 /* [CP] Embed Pods Frameworks */,
			);
			buildRules = (
			);
			dependencies = (
				06731A942424807400E65D92 /* PBXTargetDependency */,
			);
			name = ParstagramUITests;
			productName = ParstagramUITests;
			productReference = 06731A922424807400E65D92 /* ParstagramUITests.xctest */;
			productType = "com.apple.product-type.bundle.ui-testing";
		};
/* End PBXNativeTarget section */

/* Begin PBXProject section */
		06731A6B2424807200E65D92 /* Project object */ = {
			isa = PBXProject;
			attributes = {
				LastSwiftUpdateCheck = 1010;
				LastUpgradeCheck = 1010;
				ORGANIZATIONNAME = "Sandeep.si817@gmail.com";
				TargetAttributes = {
					06731A722424807200E65D92 = {
						CreatedOnToolsVersion = 10.1;
					};
					06731A862424807400E65D92 = {
						CreatedOnToolsVersion = 10.1;
						TestTargetID = 06731A722424807200E65D92;
					};
					06731A912424807400E65D92 = {
						CreatedOnToolsVersion = 10.1;
						TestTargetID = 06731A722424807200E65D92;
					};
				};
			};
			buildConfigurationList = 06731A6E2424807200E65D92 /* Build configuration list for PBXProject "Parstagram" */;
			compatibilityVersion = "Xcode 9.3";
			developmentRegion = en;
			hasScannedForEncodings = 0;
			knownRegions = (
				en,
				Base,
			);
			mainGroup = 06731A6A2424807200E65D92;
			productRefGroup = 06731A742424807200E65D92 /* Products */;
			projectDirPath = "";
			projectRoot = "";
			targets = (
				06731A722424807200E65D92 /* Parstagram */,
				06731A862424807400E65D92 /* ParstagramTests */,
				06731A912424807400E65D92 /* ParstagramUITests */,
			);
		};
/* End PBXProject section */

/* Begin PBXResourcesBuildPhase section */
		06731A712424807200E65D92 /* Resources */ = {
			isa = PBXResourcesBuildPhase;
			buildActionMask = 2147483647;
			files = (
				06731A812424807400E65D92 /* LaunchScreen.storyboard in Resources */,
				06731A7E2424807400E65D92 /* Assets.xcassets in Resources */,
				06731A7C2424807200E65D92 /* Main.storyboard in Resources */,
			);
			runOnlyForDeploymentPostprocessing = 0;
		};
		06731A852424807400E65D92 /* Resources */ = {
			isa = PBXResourcesBuildPhase;
			buildActionMask = 2147483647;
			files = (
			);
			runOnlyForDeploymentPostprocessing = 0;
		};
		06731A902424807400E65D92 /* Resources */ = {
			isa = PBXResourcesBuildPhase;
			buildActionMask = 2147483647;
			files = (
			);
			runOnlyForDeploymentPostprocessing = 0;
		};
/* End PBXResourcesBuildPhase section */

/* Begin PBXShellScriptBuildPhase section */
		158B6FAD799FE31397355C31 /* [CP] Check Pods Manifest.lock */ = {
			isa = PBXShellScriptBuildPhase;
			buildActionMask = 2147483647;
			files = (
			);
			inputFileListPaths = (
			);
			inputPaths = (
				"${PODS_PODFILE_DIR_PATH}/Podfile.lock",
				"${PODS_ROOT}/Manifest.lock",
			);
			name = "[CP] Check Pods Manifest.lock";
			outputFileListPaths = (
			);
			outputPaths = (
				"$(DERIVED_FILE_DIR)/Pods-Parstagram-ParstagramUITests-checkManifestLockResult.txt",
			);
			runOnlyForDeploymentPostprocessing = 0;
			shellPath = /bin/sh;
			shellScript = "diff \"${PODS_PODFILE_DIR_PATH}/Podfile.lock\" \"${PODS_ROOT}/Manifest.lock\" > /dev/null\nif [ $? != 0 ] ; then\n    # print error to STDERR\n    echo \"error: The sandbox is not in sync with the Podfile.lock. Run 'pod install' or update your CocoaPods installation.\" >&2\n    exit 1\nfi\n# This output is used by Xcode 'outputs' to avoid re-running this script phase.\necho \"SUCCESS\" > \"${SCRIPT_OUTPUT_FILE_0}\"\n";
			showEnvVarsInLog = 0;
		};
		50F47D90875862BB73CABA26 /* [CP] Check Pods Manifest.lock */ = {
			isa = PBXShellScriptBuildPhase;
			buildActionMask = 2147483647;
			files = (
			);
			inputFileListPaths = (
			);
			inputPaths = (
				"${PODS_PODFILE_DIR_PATH}/Podfile.lock",
				"${PODS_ROOT}/Manifest.lock",
			);
			name = "[CP] Check Pods Manifest.lock";
			outputFileListPaths = (
			);
			outputPaths = (
				"$(DERIVED_FILE_DIR)/Pods-ParstagramTests-checkManifestLockResult.txt",
			);
			runOnlyForDeploymentPostprocessing = 0;
			shellPath = /bin/sh;
			shellScript = "diff \"${PODS_PODFILE_DIR_PATH}/Podfile.lock\" \"${PODS_ROOT}/Manifest.lock\" > /dev/null\nif [ $? != 0 ] ; then\n    # print error to STDERR\n    echo \"error: The sandbox is not in sync with the Podfile.lock. Run 'pod install' or update your CocoaPods installation.\" >&2\n    exit 1\nfi\n# This output is used by Xcode 'outputs' to avoid re-running this script phase.\necho \"SUCCESS\" > \"${SCRIPT_OUTPUT_FILE_0}\"\n";
			showEnvVarsInLog = 0;
		};
		5A317D735E7854288B48836F /* [CP] Embed Pods Frameworks */ = {
			isa = PBXShellScriptBuildPhase;
			buildActionMask = 2147483647;
			files = (
			);
			inputFileListPaths = (
				"${PODS_ROOT}/Target Support Files/Pods-Parstagram/Pods-Parstagram-frameworks-${CONFIGURATION}-input-files.xcfilelist",
			);
			name = "[CP] Embed Pods Frameworks";
			outputFileListPaths = (
				"${PODS_ROOT}/Target Support Files/Pods-Parstagram/Pods-Parstagram-frameworks-${CONFIGURATION}-output-files.xcfilelist",
			);
			runOnlyForDeploymentPostprocessing = 0;
			shellPath = /bin/sh;
			shellScript = "\"${PODS_ROOT}/Target Support Files/Pods-Parstagram/Pods-Parstagram-frameworks.sh\"\n";
			showEnvVarsInLog = 0;
		};
		A21DD8F0A226CAC86292DD43 /* [CP] Embed Pods Frameworks */ = {
			isa = PBXShellScriptBuildPhase;
			buildActionMask = 2147483647;
			files = (
			);
			inputFileListPaths = (
				"${PODS_ROOT}/Target Support Files/Pods-Parstagram-ParstagramUITests/Pods-Parstagram-ParstagramUITests-frameworks-${CONFIGURATION}-input-files.xcfilelist",
			);
			name = "[CP] Embed Pods Frameworks";
			outputFileListPaths = (
				"${PODS_ROOT}/Target Support Files/Pods-Parstagram-ParstagramUITests/Pods-Parstagram-ParstagramUITests-frameworks-${CONFIGURATION}-output-files.xcfilelist",
			);
			runOnlyForDeploymentPostprocessing = 0;
			shellPath = /bin/sh;
			shellScript = "\"${PODS_ROOT}/Target Support Files/Pods-Parstagram-ParstagramUITests/Pods-Parstagram-ParstagramUITests-frameworks.sh\"\n";
			showEnvVarsInLog = 0;
		};
		C72C4D001071CC813DD03F07 /* [CP] Check Pods Manifest.lock */ = {
			isa = PBXShellScriptBuildPhase;
			buildActionMask = 2147483647;
			files = (
			);
			inputFileListPaths = (
			);
			inputPaths = (
				"${PODS_PODFILE_DIR_PATH}/Podfile.lock",
				"${PODS_ROOT}/Manifest.lock",
			);
			name = "[CP] Check Pods Manifest.lock";
			outputFileListPaths = (
			);
			outputPaths = (
				"$(DERIVED_FILE_DIR)/Pods-Parstagram-checkManifestLockResult.txt",
			);
			runOnlyForDeploymentPostprocessing = 0;
			shellPath = /bin/sh;
			shellScript = "diff \"${PODS_PODFILE_DIR_PATH}/Podfile.lock\" \"${PODS_ROOT}/Manifest.lock\" > /dev/null\nif [ $? != 0 ] ; then\n    # print error to STDERR\n    echo \"error: The sandbox is not in sync with the Podfile.lock. Run 'pod install' or update your CocoaPods installation.\" >&2\n    exit 1\nfi\n# This output is used by Xcode 'outputs' to avoid re-running this script phase.\necho \"SUCCESS\" > \"${SCRIPT_OUTPUT_FILE_0}\"\n";
			showEnvVarsInLog = 0;
		};
/* End PBXShellScriptBuildPhase section */

/* Begin PBXSourcesBuildPhase section */
		06731A6F2424807200E65D92 /* Sources */ = {
			isa = PBXSourcesBuildPhase;
			buildActionMask = 2147483647;
			files = (
				06731A792424807200E65D92 /* ViewController.swift in Sources */,
				06731A772424807200E65D92 /* AppDelegate.swift in Sources */,
				06DE2582242488BD00580B72 /* FeedViewController.swift in Sources */,
				06DE2584242489C500580B72 /* LoginViewController.swift in Sources */,
				06DE25802424885700580B72 /* CameraViewController.swift in Sources */,
				06DE258624248A3A00580B72 /* PostCell.swift in Sources */,
				06DE258A242D95C300580B72 /* CommentCell.swift in Sources */,
			);
			runOnlyForDeploymentPostprocessing = 0;
		};
		06731A832424807400E65D92 /* Sources */ = {
			isa = PBXSourcesBuildPhase;
			buildActionMask = 2147483647;
			files = (
				06731A8C2424807400E65D92 /* ParstagramTests.swift in Sources */,
			);
			runOnlyForDeploymentPostprocessing = 0;
		};
		06731A8E2424807400E65D92 /* Sources */ = {
			isa = PBXSourcesBuildPhase;
			buildActionMask = 2147483647;
			files = (
				06731A972424807400E65D92 /* ParstagramUITests.swift in Sources */,
			);
			runOnlyForDeploymentPostprocessing = 0;
		};
/* End PBXSourcesBuildPhase section */

/* Begin PBXTargetDependency section */
		06731A892424807400E65D92 /* PBXTargetDependency */ = {
			isa = PBXTargetDependency;
			target = 06731A722424807200E65D92 /* Parstagram */;
			targetProxy = 06731A882424807400E65D92 /* PBXContainerItemProxy */;
		};
		06731A942424807400E65D92 /* PBXTargetDependency */ = {
			isa = PBXTargetDependency;
			target = 06731A722424807200E65D92 /* Parstagram */;
			targetProxy = 06731A932424807400E65D92 /* PBXContainerItemProxy */;
		};
/* End PBXTargetDependency section */

/* Begin PBXVariantGroup section */
		06731A7A2424807200E65D92 /* Main.storyboard */ = {
			isa = PBXVariantGroup;
			children = (
				06731A7B2424807200E65D92 /* Base */,
			);
			name = Main.storyboard;
			sourceTree = "<group>";
		};
		06731A7F2424807400E65D92 /* LaunchScreen.storyboard */ = {
			isa = PBXVariantGroup;
			children = (
				06731A802424807400E65D92 /* Base */,
			);
			name = LaunchScreen.storyboard;
			sourceTree = "<group>";
		};
/* End PBXVariantGroup section */

/* Begin XCBuildConfiguration section */
		06731A992424807400E65D92 /* Debug */ = {
			isa = XCBuildConfiguration;
			buildSettings = {
				ALWAYS_SEARCH_USER_PATHS = NO;
				CLANG_ANALYZER_NONNULL = YES;
				CLANG_ANALYZER_NUMBER_OBJECT_CONVERSION = YES_AGGRESSIVE;
				CLANG_CXX_LANGUAGE_STANDARD = "gnu++14";
				CLANG_CXX_LIBRARY = "libc++";
				CLANG_ENABLE_MODULES = YES;
				CLANG_ENABLE_OBJC_ARC = YES;
				CLANG_ENABLE_OBJC_WEAK = YES;
				CLANG_WARN_BLOCK_CAPTURE_AUTORELEASING = YES;
				CLANG_WARN_BOOL_CONVERSION = YES;
				CLANG_WARN_COMMA = YES;
				CLANG_WARN_CONSTANT_CONVERSION = YES;
				CLANG_WARN_DEPRECATED_OBJC_IMPLEMENTATIONS = YES;
				CLANG_WARN_DIRECT_OBJC_ISA_USAGE = YES_ERROR;
				CLANG_WARN_DOCUMENTATION_COMMENTS = YES;
				CLANG_WARN_EMPTY_BODY = YES;
				CLANG_WARN_ENUM_CONVERSION = YES;
				CLANG_WARN_INFINITE_RECURSION = YES;
				CLANG_WARN_INT_CONVERSION = YES;
				CLANG_WARN_NON_LITERAL_NULL_CONVERSION = YES;
				CLANG_WARN_OBJC_IMPLICIT_RETAIN_SELF = YES;
				CLANG_WARN_OBJC_LITERAL_CONVERSION = YES;
				CLANG_WARN_OBJC_ROOT_CLASS = YES_ERROR;
				CLANG_WARN_RANGE_LOOP_ANALYSIS = YES;
				CLANG_WARN_STRICT_PROTOTYPES = YES;
				CLANG_WARN_SUSPICIOUS_MOVE = YES;
				CLANG_WARN_UNGUARDED_AVAILABILITY = YES_AGGRESSIVE;
				CLANG_WARN_UNREACHABLE_CODE = YES;
				CLANG_WARN__DUPLICATE_METHOD_MATCH = YES;
				CODE_SIGN_IDENTITY = "iPhone Developer";
				COPY_PHASE_STRIP = NO;
				DEBUG_INFORMATION_FORMAT = dwarf;
				ENABLE_STRICT_OBJC_MSGSEND = YES;
				ENABLE_TESTABILITY = YES;
				GCC_C_LANGUAGE_STANDARD = gnu11;
				GCC_DYNAMIC_NO_PIC = NO;
				GCC_NO_COMMON_BLOCKS = YES;
				GCC_OPTIMIZATION_LEVEL = 0;
				GCC_PREPROCESSOR_DEFINITIONS = (
					"DEBUG=1",
					"$(inherited)",
				);
				GCC_WARN_64_TO_32_BIT_CONVERSION = YES;
				GCC_WARN_ABOUT_RETURN_TYPE = YES_ERROR;
				GCC_WARN_UNDECLARED_SELECTOR = YES;
				GCC_WARN_UNINITIALIZED_AUTOS = YES_AGGRESSIVE;
				GCC_WARN_UNUSED_FUNCTION = YES;
				GCC_WARN_UNUSED_VARIABLE = YES;
				IPHONEOS_DEPLOYMENT_TARGET = 12.1;
				MTL_ENABLE_DEBUG_INFO = INCLUDE_SOURCE;
				MTL_FAST_MATH = YES;
				ONLY_ACTIVE_ARCH = YES;
				SDKROOT = iphoneos;
				SWIFT_ACTIVE_COMPILATION_CONDITIONS = DEBUG;
				SWIFT_OPTIMIZATION_LEVEL = "-Onone";
			};
			name = Debug;
		};
		06731A9A2424807400E65D92 /* Release */ = {
			isa = XCBuildConfiguration;
			buildSettings = {
				ALWAYS_SEARCH_USER_PATHS = NO;
				CLANG_ANALYZER_NONNULL = YES;
				CLANG_ANALYZER_NUMBER_OBJECT_CONVERSION = YES_AGGRESSIVE;
				CLANG_CXX_LANGUAGE_STANDARD = "gnu++14";
				CLANG_CXX_LIBRARY = "libc++";
				CLANG_ENABLE_MODULES = YES;
				CLANG_ENABLE_OBJC_ARC = YES;
				CLANG_ENABLE_OBJC_WEAK = YES;
				CLANG_WARN_BLOCK_CAPTURE_AUTORELEASING = YES;
				CLANG_WARN_BOOL_CONVERSION = YES;
				CLANG_WARN_COMMA = YES;
				CLANG_WARN_CONSTANT_CONVERSION = YES;
				CLANG_WARN_DEPRECATED_OBJC_IMPLEMENTATIONS = YES;
				CLANG_WARN_DIRECT_OBJC_ISA_USAGE = YES_ERROR;
				CLANG_WARN_DOCUMENTATION_COMMENTS = YES;
				CLANG_WARN_EMPTY_BODY = YES;
				CLANG_WARN_ENUM_CONVERSION = YES;
				CLANG_WARN_INFINITE_RECURSION = YES;
				CLANG_WARN_INT_CONVERSION = YES;
				CLANG_WARN_NON_LITERAL_NULL_CONVERSION = YES;
				CLANG_WARN_OBJC_IMPLICIT_RETAIN_SELF = YES;
				CLANG_WARN_OBJC_LITERAL_CONVERSION = YES;
				CLANG_WARN_OBJC_ROOT_CLASS = YES_ERROR;
				CLANG_WARN_RANGE_LOOP_ANALYSIS = YES;
				CLANG_WARN_STRICT_PROTOTYPES = YES;
				CLANG_WARN_SUSPICIOUS_MOVE = YES;
				CLANG_WARN_UNGUARDED_AVAILABILITY = YES_AGGRESSIVE;
				CLANG_WARN_UNREACHABLE_CODE = YES;
				CLANG_WARN__DUPLICATE_METHOD_MATCH = YES;
				CODE_SIGN_IDENTITY = "iPhone Developer";
				COPY_PHASE_STRIP = NO;
				DEBUG_INFORMATION_FORMAT = "dwarf-with-dsym";
				ENABLE_NS_ASSERTIONS = NO;
				ENABLE_STRICT_OBJC_MSGSEND = YES;
				GCC_C_LANGUAGE_STANDARD = gnu11;
				GCC_NO_COMMON_BLOCKS = YES;
				GCC_WARN_64_TO_32_BIT_CONVERSION = YES;
				GCC_WARN_ABOUT_RETURN_TYPE = YES_ERROR;
				GCC_WARN_UNDECLARED_SELECTOR = YES;
				GCC_WARN_UNINITIALIZED_AUTOS = YES_AGGRESSIVE;
				GCC_WARN_UNUSED_FUNCTION = YES;
				GCC_WARN_UNUSED_VARIABLE = YES;
				IPHONEOS_DEPLOYMENT_TARGET = 12.1;
				MTL_ENABLE_DEBUG_INFO = NO;
				MTL_FAST_MATH = YES;
				SDKROOT = iphoneos;
				SWIFT_COMPILATION_MODE = wholemodule;
				SWIFT_OPTIMIZATION_LEVEL = "-O";
				VALIDATE_PRODUCT = YES;
			};
			name = Release;
		};
		06731A9C2424807400E65D92 /* Debug */ = {
			isa = XCBuildConfiguration;
			baseConfigurationReference = 9B16399633632FAFAD6D230E /* Pods-Parstagram.debug.xcconfig */;
			buildSettings = {
				ASSETCATALOG_COMPILER_APPICON_NAME = AppIcon;
				CODE_SIGN_STYLE = Automatic;
				INFOPLIST_FILE = Parstagram/Info.plist;
				LD_RUNPATH_SEARCH_PATHS = (
					"$(inherited)",
					"@executable_path/Frameworks",
				);
				PRODUCT_BUNDLE_IDENTIFIER = si.Parstagram;
				PRODUCT_NAME = "$(TARGET_NAME)";
				SWIFT_VERSION = 4.2;
				TARGETED_DEVICE_FAMILY = "1,2";
			};
			name = Debug;
		};
		06731A9D2424807400E65D92 /* Release */ = {
			isa = XCBuildConfiguration;
			baseConfigurationReference = 400E3E1E280082780F52D683 /* Pods-Parstagram.release.xcconfig */;
			buildSettings = {
				ASSETCATALOG_COMPILER_APPICON_NAME = AppIcon;
				CODE_SIGN_STYLE = Automatic;
				INFOPLIST_FILE = Parstagram/Info.plist;
				LD_RUNPATH_SEARCH_PATHS = (
					"$(inherited)",
					"@executable_path/Frameworks",
				);
				PRODUCT_BUNDLE_IDENTIFIER = si.Parstagram;
				PRODUCT_NAME = "$(TARGET_NAME)";
				SWIFT_VERSION = 4.2;
				TARGETED_DEVICE_FAMILY = "1,2";
			};
			name = Release;
		};
		06731A9F2424807400E65D92 /* Debug */ = {
			isa = XCBuildConfiguration;
			baseConfigurationReference = 9D9F4E22EAD7075410412D5A /* Pods-ParstagramTests.debug.xcconfig */;
			buildSettings = {
				ALWAYS_EMBED_SWIFT_STANDARD_LIBRARIES = YES;
				BUNDLE_LOADER = "$(TEST_HOST)";
				CODE_SIGN_STYLE = Automatic;
				INFOPLIST_FILE = ParstagramTests/Info.plist;
				LD_RUNPATH_SEARCH_PATHS = (
					"$(inherited)",
					"@executable_path/Frameworks",
					"@loader_path/Frameworks",
				);
				PRODUCT_BUNDLE_IDENTIFIER = si.ParstagramTests;
				PRODUCT_NAME = "$(TARGET_NAME)";
				SWIFT_VERSION = 4.2;
				TARGETED_DEVICE_FAMILY = "1,2";
				TEST_HOST = "$(BUILT_PRODUCTS_DIR)/Parstagram.app/Parstagram";
			};
			name = Debug;
		};
		06731AA02424807400E65D92 /* Release */ = {
			isa = XCBuildConfiguration;
			baseConfigurationReference = AE516CB2267D384E4760699F /* Pods-ParstagramTests.release.xcconfig */;
			buildSettings = {
				ALWAYS_EMBED_SWIFT_STANDARD_LIBRARIES = YES;
				BUNDLE_LOADER = "$(TEST_HOST)";
				CODE_SIGN_STYLE = Automatic;
				INFOPLIST_FILE = ParstagramTests/Info.plist;
				LD_RUNPATH_SEARCH_PATHS = (
					"$(inherited)",
					"@executable_path/Frameworks",
					"@loader_path/Frameworks",
				);
				PRODUCT_BUNDLE_IDENTIFIER = si.ParstagramTests;
				PRODUCT_NAME = "$(TARGET_NAME)";
				SWIFT_VERSION = 4.2;
				TARGETED_DEVICE_FAMILY = "1,2";
				TEST_HOST = "$(BUILT_PRODUCTS_DIR)/Parstagram.app/Parstagram";
			};
			name = Release;
		};
		06731AA22424807400E65D92 /* Debug */ = {
			isa = XCBuildConfiguration;
			baseConfigurationReference = 60B70AEE19EA887BCAC770CF /* Pods-Parstagram-ParstagramUITests.debug.xcconfig */;
			buildSettings = {
				ALWAYS_EMBED_SWIFT_STANDARD_LIBRARIES = YES;
				CODE_SIGN_STYLE = Automatic;
				INFOPLIST_FILE = ParstagramUITests/Info.plist;
				LD_RUNPATH_SEARCH_PATHS = (
					"$(inherited)",
					"@executable_path/Frameworks",
					"@loader_path/Frameworks",
				);
				PRODUCT_BUNDLE_IDENTIFIER = si.ParstagramUITests;
				PRODUCT_NAME = "$(TARGET_NAME)";
				SWIFT_VERSION = 4.2;
				TARGETED_DEVICE_FAMILY = "1,2";
				TEST_TARGET_NAME = Parstagram;
			};
			name = Debug;
		};
		06731AA32424807400E65D92 /* Release */ = {
			isa = XCBuildConfiguration;
			baseConfigurationReference = 167B2F9C78D48D4D279731AA /* Pods-Parstagram-ParstagramUITests.release.xcconfig */;
			buildSettings = {
				ALWAYS_EMBED_SWIFT_STANDARD_LIBRARIES = YES;
				CODE_SIGN_STYLE = Automatic;
				INFOPLIST_FILE = ParstagramUITests/Info.plist;
				LD_RUNPATH_SEARCH_PATHS = (
					"$(inherited)",
					"@executable_path/Frameworks",
					"@loader_path/Frameworks",
				);
				PRODUCT_BUNDLE_IDENTIFIER = si.ParstagramUITests;
				PRODUCT_NAME = "$(TARGET_NAME)";
				SWIFT_VERSION = 4.2;
				TARGETED_DEVICE_FAMILY = "1,2";
				TEST_TARGET_NAME = Parstagram;
			};
			name = Release;
		};
/* End XCBuildConfiguration section */

/* Begin XCConfigurationList section */
		06731A6E2424807200E65D92 /* Build configuration list for PBXProject "Parstagram" */ = {
			isa = XCConfigurationList;
			buildConfigurations = (
				06731A992424807400E65D92 /* Debug */,
				06731A9A2424807400E65D92 /* Release */,
			);
			defaultConfigurationIsVisible = 0;
			defaultConfigurationName = Release;
		};
		06731A9B2424807400E65D92 /* Build configuration list for PBXNativeTarget "Parstagram" */ = {
			isa = XCConfigurationList;
			buildConfigurations = (
				06731A9C2424807400E65D92 /* Debug */,
				06731A9D2424807400E65D92 /* Release */,
			);
			defaultConfigurationIsVisible = 0;
			defaultConfigurationName = Release;
		};
		06731A9E2424807400E65D92 /* Build configuration list for PBXNativeTarget "ParstagramTests" */ = {
			isa = XCConfigurationList;
			buildConfigurations = (
				06731A9F2424807400E65D92 /* Debug */,
				06731AA02424807400E65D92 /* Release */,
			);
			defaultConfigurationIsVisible = 0;
			defaultConfigurationName = Release;
		};
		06731AA12424807400E65D92 /* Build configuration list for PBXNativeTarget "ParstagramUITests" */ = {
			isa = XCConfigurationList;
			buildConfigurations = (
				06731AA22424807400E65D92 /* Debug */,
				06731AA32424807400E65D92 /* Release */,
			);
			defaultConfigurationIsVisible = 0;
			defaultConfigurationName = Release;
		};
/* End XCConfigurationList section */
	};
	rootObject = 06731A6B2424807200E65D92 /* Project object */;
}
